# THIS IS AN AUTOGENERATED FILE. DO NOT EDIT THIS FILE DIRECTLY.
# yarn lockfile v1


"@bower_components/jquery-autosize@jackmoore/autosize#2.0.0":
  version "2.0.0"
  resolved "https://codeload.github.com/jackmoore/autosize/tar.gz/93ae38d1278f03213d3edca1faf6409bd1b740b1"

"@bower_components/purl@allmarkedup/purl#*":
  version "2.3.1"
  resolved "https://codeload.github.com/allmarkedup/purl/tar.gz/6df9a03833ebbd479baede1e0111186a5d9906a2"
